{
    "name": "module-b",
    "version": "1.0.0",
    "lockfileVersion": 3,
    "requires": true,
    "packages": {
        "": {
            "name": "module-b",
            "version": "1.0.0",
            "dependencies": {
                "module-a": "file:../module-A"
            }
        },
        "../module-A": {
            "version": "1.0.0",
            "bin": {
                "hello-world": "main.js"
            }
        },
        "node_modules/module-a": {
            "resolved": "../module-A",
            "link": true
        }
    }
}
